
Microsoft Visual Studio Solution File, Format Version 12.00
# Visual Studio Version 17
VisualStudioVersion = 17.2.32616.157
MinimumVisualStudioVersion = 10.0.40219.1
Project("{FAE04EC0-301F-11D3-BF4B-00C04F79EFBC}") = "E-Ticket", "E-Ticket\E-Ticket.csproj", "{C45A7749-AB9A-47B2-9039-167D2E911B5E}"
EndProject
Global
	GlobalSection(SolutionConfigurationPlatforms) = preSolution
		Debug|Any CPU = Debug|Any CPU
		Release|Any CPU = Release|Any CPU
	EndGlobalSection
	GlobalSection(ProjectConfigurationPlatforms) = postSolution
		{C45A7749-AB9A-47B2-9039-167D2E911B5E}.Debug|Any CPU.ActiveCfg = Debug|Any CPU
		{C45A7749-AB9A-47B2-9039-167D2E911B5E}.Debug|Any CPU.Build.0 = Debug|Any CPU
		{C45A7749-AB9A-47B2-9039-167D2E911B5E}.Release|Any CPU.ActiveCfg = Release|Any CPU
		{C45A7749-AB9A-47B2-9039-167D2E911B5E}.Release|Any CPU.Build.0 = Release|Any CPU
	EndGlobalSection
	GlobalSection(SolutionProperties) = preSolution
		HideSolutionNode = FALSE
	EndGlobalSection
	GlobalSection(ExtensibilityGlobals) = postSolution
		SolutionGuid = {DDD6527B-28A1-4559-87AB-B0A798D1C2FF}
	EndGlobalSection
EndGlobal
